-r requirements.lock
black==25.1.0
cffi==2.1.0
coverage==7.15.0
cryptography==49.0.0
iniconfig==2.3.0
mypy==1.16.1
mypy_extensions==1.1.0
pathspec==1.1.1
platformdirs==4.10.0
pluggy==1.6.0
pycparser==3.0
Pygments==2.20.0
pytest==8.4.1
pytest-cov==6.2.1
ruff==0.12.0
types-cffi==2.0.0.20260518
types-pyOpenSSL==24.1.0.20240722
types-redis==4.6.0.20241004
types-setuptools==83.0.0.20260706
